
Microsoft Visual Studio Solution File, Format Version 12.00
# Visual Studio 15
VisualStudioVersion = 15.0.28307.1300
MinimumVisualStudioVersion = 10.0.40219.1
Project("{9A19103F-16F7-4668-BE54-9A1E7A4F7556}") = "SecureResultCleanerLibrary", "SecureResultCleanerLibrary\SecureResultCleanerLibrary.csproj", "{1F193D5E-1559-4729-8006-2E3F75882B3F}"
EndProject
Project("{9A19103F-16F7-4668-BE54-9A1E7A4F7556}") = "SecureResultCleanerLibraryTests", "SecureResultCleanerLibraryTests\SecureResultCleanerLibraryTests.csproj", "{0C5293C9-2E61-448C-932C-7BEEE948CFBC}"
EndProject
Global
	GlobalSection(SolutionConfigurationPlatforms) = preSolution
		Debug|Any CPU = Debug|Any CPU
		Release|Any CPU = Release|Any CPU
	EndGlobalSection
	GlobalSection(ProjectConfigurationPlatforms) = postSolution
		{1F193D5E-1559-4729-8006-2E3F75882B3F}.Debug|Any CPU.ActiveCfg = Debug|Any CPU
		{1F193D5E-1559-4729-8006-2E3F75882B3F}.Debug|Any CPU.Build.0 = Debug|Any CPU
		{1F193D5E-1559-4729-8006-2E3F75882B3F}.Release|Any CPU.ActiveCfg = Release|Any CPU
		{1F193D5E-1559-4729-8006-2E3F75882B3F}.Release|Any CPU.Build.0 = Release|Any CPU
		{0C5293C9-2E61-448C-932C-7BEEE948CFBC}.Debug|Any CPU.ActiveCfg = Debug|Any CPU
		{0C5293C9-2E61-448C-932C-7BEEE948CFBC}.Debug|Any CPU.Build.0 = Debug|Any CPU
		{0C5293C9-2E61-448C-932C-7BEEE948CFBC}.Release|Any CPU.ActiveCfg = Release|Any CPU
		{0C5293C9-2E61-448C-932C-7BEEE948CFBC}.Release|Any CPU.Build.0 = Release|Any CPU
	EndGlobalSection
	GlobalSection(SolutionProperties) = preSolution
		HideSolutionNode = FALSE
	EndGlobalSection
	GlobalSection(ExtensibilityGlobals) = postSolution
		SolutionGuid = {EEBD8070-D7D5-4766-8273-D345CE63EC33}
	EndGlobalSection
EndGlobal
